Microsoft Visual Studio Solution File, Format Version 12.00
# Visual Studio 15
VisualStudioVersion = 15.0.26124.0
MinimumVisualStudioVersion = 15.0.26124.0
Project("{2150E333-8FDC-42A3-9474-1A3956D46DE8}") = "src", "src", "{277F4BB9-D1AA-44CC-9B66-15694F4BDFEC}"
EndProject
Project("{F2A71F9B-5D33-465A-A702-920D77279786}") = "App", "src\App\App.fsproj", "{195A5B3B-1BE7-4BFC-8C76-7809DADB177C}"
EndProject
Project("{F2A71F9B-5D33-465A-A702-920D77279786}") = "MyDB", "src\MyDB\MyDB.fsproj", "{134E031F-4B6B-468E-92E8-D45D3F5F02C2}"
EndProject
Project("{2150E333-8FDC-42A3-9474-1A3956D46DE8}") = "test", "test", "{BE2D2177-61F4-4A75-AED0-25BC0473AA0E}"
EndProject
Project("{F2A71F9B-5D33-465A-A702-920D77279786}") = "MyDBTest", "test\MyDBTest\MyDBTest.fsproj", "{EC903E03-A3ED-4B99-826F-8F08987CB7B8}"
EndProject
Global
	GlobalSection(SolutionConfigurationPlatforms) = preSolution
		Debug|Any CPU = Debug|Any CPU
		Debug|x64 = Debug|x64
		Debug|x86 = Debug|x86
		Release|Any CPU = Release|Any CPU
		Release|x64 = Release|x64
		Release|x86 = Release|x86
	EndGlobalSection
	GlobalSection(SolutionProperties) = preSolution
		HideSolutionNode = FALSE
	EndGlobalSection
	GlobalSection(ProjectConfigurationPlatforms) = postSolution
		{195A5B3B-1BE7-4BFC-8C76-7809DADB177C}.Debug|Any CPU.ActiveCfg = Debug|Any CPU
		{195A5B3B-1BE7-4BFC-8C76-7809DADB177C}.Debug|Any CPU.Build.0 = Debug|Any CPU
		{195A5B3B-1BE7-4BFC-8C76-7809DADB177C}.Debug|x64.ActiveCfg = Debug|Any CPU
		{195A5B3B-1BE7-4BFC-8C76-7809DADB177C}.Debug|x64.Build.0 = Debug|Any CPU
		{195A5B3B-1BE7-4BFC-8C76-7809DADB177C}.Debug|x86.ActiveCfg = Debug|Any CPU
		{195A5B3B-1BE7-4BFC-8C76-7809DADB177C}.Debug|x86.Build.0 = Debug|Any CPU
		{195A5B3B-1BE7-4BFC-8C76-7809DADB177C}.Release|Any CPU.ActiveCfg = Release|Any CPU
		{195A5B3B-1BE7-4BFC-8C76-7809DADB177C}.Release|Any CPU.Build.0 = Release|Any CPU
		{195A5B3B-1BE7-4BFC-8C76-7809DADB177C}.Release|x64.ActiveCfg = Release|Any CPU
		{195A5B3B-1BE7-4BFC-8C76-7809DADB177C}.Release|x64.Build.0 = Release|Any CPU
		{195A5B3B-1BE7-4BFC-8C76-7809DADB177C}.Release|x86.ActiveCfg = Release|Any CPU
		{195A5B3B-1BE7-4BFC-8C76-7809DADB177C}.Release|x86.Build.0 = Release|Any CPU
		{134E031F-4B6B-468E-92E8-D45D3F5F02C2}.Debug|Any CPU.ActiveCfg = Debug|Any CPU
		{134E031F-4B6B-468E-92E8-D45D3F5F02C2}.Debug|Any CPU.Build.0 = Debug|Any CPU
		{134E031F-4B6B-468E-92E8-D45D3F5F02C2}.Debug|x64.ActiveCfg = Debug|Any CPU
		{134E031F-4B6B-468E-92E8-D45D3F5F02C2}.Debug|x64.Build.0 = Debug|Any CPU
		{134E031F-4B6B-468E-92E8-D45D3F5F02C2}.Debug|x86.ActiveCfg = Debug|Any CPU
		{134E031F-4B6B-468E-92E8-D45D3F5F02C2}.Debug|x86.Build.0 = Debug|Any CPU
		{134E031F-4B6B-468E-92E8-D45D3F5F02C2}.Release|Any CPU.ActiveCfg = Release|Any CPU
		{134E031F-4B6B-468E-92E8-D45D3F5F02C2}.Release|Any CPU.Build.0 = Release|Any CPU
		{134E031F-4B6B-468E-92E8-D45D3F5F02C2}.Release|x64.ActiveCfg = Release|Any CPU
		{134E031F-4B6B-468E-92E8-D45D3F5F02C2}.Release|x64.Build.0 = Release|Any CPU
		{134E031F-4B6B-468E-92E8-D45D3F5F02C2}.Release|x86.ActiveCfg = Release|Any CPU
		{134E031F-4B6B-468E-92E8-D45D3F5F02C2}.Release|x86.Build.0 = Release|Any CPU
		{77A8D2DD-8E99-43AC-B477-73D48E4200C6}.Debug|Any CPU.ActiveCfg = Debug|Any CPU
		{77A8D2DD-8E99-43AC-B477-73D48E4200C6}.Debug|Any CPU.Build.0 = Debug|Any CPU
		{77A8D2DD-8E99-43AC-B477-73D48E4200C6}.Debug|x64.ActiveCfg = Debug|Any CPU
		{77A8D2DD-8E99-43AC-B477-73D48E4200C6}.Debug|x64.Build.0 = Debug|Any CPU
		{77A8D2DD-8E99-43AC-B477-73D48E4200C6}.Debug|x86.ActiveCfg = Debug|Any CPU
		{77A8D2DD-8E99-43AC-B477-73D48E4200C6}.Debug|x86.Build.0 = Debug|Any CPU
		{77A8D2DD-8E99-43AC-B477-73D48E4200C6}.Release|Any CPU.ActiveCfg = Release|Any CPU
		{77A8D2DD-8E99-43AC-B477-73D48E4200C6}.Release|Any CPU.Build.0 = Release|Any CPU
		{77A8D2DD-8E99-43AC-B477-73D48E4200C6}.Release|x64.ActiveCfg = Release|Any CPU
		{77A8D2DD-8E99-43AC-B477-73D48E4200C6}.Release|x64.Build.0 = Release|Any CPU
		{77A8D2DD-8E99-43AC-B477-73D48E4200C6}.Release|x86.ActiveCfg = Release|Any CPU
		{77A8D2DD-8E99-43AC-B477-73D48E4200C6}.Release|x86.Build.0 = Release|Any CPU
		{EC903E03-A3ED-4B99-826F-8F08987CB7B8}.Debug|Any CPU.ActiveCfg = Debug|Any CPU
		{EC903E03-A3ED-4B99-826F-8F08987CB7B8}.Debug|Any CPU.Build.0 = Debug|Any CPU
		{EC903E03-A3ED-4B99-826F-8F08987CB7B8}.Debug|x64.ActiveCfg = Debug|Any CPU
		{EC903E03-A3ED-4B99-826F-8F08987CB7B8}.Debug|x64.Build.0 = Debug|Any CPU
		{EC903E03-A3ED-4B99-826F-8F08987CB7B8}.Debug|x86.ActiveCfg = Debug|Any CPU
		{EC903E03-A3ED-4B99-826F-8F08987CB7B8}.Debug|x86.Build.0 = Debug|Any CPU
		{EC903E03-A3ED-4B99-826F-8F08987CB7B8}.Release|Any CPU.ActiveCfg = Release|Any CPU
		{EC903E03-A3ED-4B99-826F-8F08987CB7B8}.Release|Any CPU.Build.0 = Release|Any CPU
		{EC903E03-A3ED-4B99-826F-8F08987CB7B8}.Release|x64.ActiveCfg = Release|Any CPU
		{EC903E03-A3ED-4B99-826F-8F08987CB7B8}.Release|x64.Build.0 = Release|Any CPU
		{EC903E03-A3ED-4B99-826F-8F08987CB7B8}.Release|x86.ActiveCfg = Release|Any CPU
		{EC903E03-A3ED-4B99-826F-8F08987CB7B8}.Release|x86.Build.0 = Release|Any CPU
	EndGlobalSection
	GlobalSection(NestedProjects) = preSolution
		{195A5B3B-1BE7-4BFC-8C76-7809DADB177C} = {277F4BB9-D1AA-44CC-9B66-15694F4BDFEC}
		{134E031F-4B6B-468E-92E8-D45D3F5F02C2} = {277F4BB9-D1AA-44CC-9B66-15694F4BDFEC}
		{EC903E03-A3ED-4B99-826F-8F08987CB7B8} = {BE2D2177-61F4-4A75-AED0-25BC0473AA0E}
	EndGlobalSection
EndGlobal
